
Microsoft Visual Studio Solution File, Format Version 12.00
# Visual Studio Version 16
VisualStudioVersion = 16.0.30204.135
MinimumVisualStudioVersion = 10.0.40219.1
Project("{9A19103F-16F7-4668-BE54-9A1E7A4F7556}") = "HtenaBlogDisplay", "HtenaBlogDisplay.csproj", "{B46DD42A-C7B9-44A7-9964-5630E266917C}"
EndProject
Global
	GlobalSection(SolutionConfigurationPlatforms) = preSolution
		Debug|Any CPU = Debug|Any CPU
		Release|Any CPU = Release|Any CPU
	EndGlobalSection
	GlobalSection(ProjectConfigurationPlatforms) = postSolution
		{B46DD42A-C7B9-44A7-9964-5630E266917C}.Debug|Any CPU.ActiveCfg = Debug|Any CPU
		{B46DD42A-C7B9-44A7-9964-5630E266917C}.Debug|Any CPU.Build.0 = Debug|Any CPU
		{B46DD42A-C7B9-44A7-9964-5630E266917C}.Release|Any CPU.ActiveCfg = Release|Any CPU
		{B46DD42A-C7B9-44A7-9964-5630E266917C}.Release|Any CPU.Build.0 = Release|Any CPU
	EndGlobalSection
	GlobalSection(SolutionProperties) = preSolution
		HideSolutionNode = FALSE
	EndGlobalSection
	GlobalSection(ExtensibilityGlobals) = postSolution
		SolutionGuid = {13E2BF2B-8007-4719-AC43-671798EAFE13}
	EndGlobalSection
EndGlobal
